
Microsoft Visual Studio Solution File, Format Version 12.00
# Visual Studio Version 16
VisualStudioVersion = 16.0.29806.167
MinimumVisualStudioVersion = 10.0.40219.1
Project("{FAE04EC0-301F-11D3-BF4B-00C04F79EFBC}") = "Geography Quiz", "Geography Quiz\Geography Quiz.csproj", "{2C6B8F2C-EA79-4C63-A970-08E3A6D8CE37}"
EndProject
Global
	GlobalSection(SolutionConfigurationPlatforms) = preSolution
		Debug|Any CPU = Debug|Any CPU
		Release|Any CPU = Release|Any CPU
	EndGlobalSection
	GlobalSection(ProjectConfigurationPlatforms) = postSolution
		{2C6B8F2C-EA79-4C63-A970-08E3A6D8CE37}.Debug|Any CPU.ActiveCfg = Debug|Any CPU
		{2C6B8F2C-EA79-4C63-A970-08E3A6D8CE37}.Debug|Any CPU.Build.0 = Debug|Any CPU
		{2C6B8F2C-EA79-4C63-A970-08E3A6D8CE37}.Release|Any CPU.ActiveCfg = Release|Any CPU
		{2C6B8F2C-EA79-4C63-A970-08E3A6D8CE37}.Release|Any CPU.Build.0 = Release|Any CPU
	EndGlobalSection
	GlobalSection(SolutionProperties) = preSolution
		HideSolutionNode = FALSE
	EndGlobalSection
	GlobalSection(ExtensibilityGlobals) = postSolution
		SolutionGuid = {F5202B52-E131-4B51-8117-1748DD8FDC89}
	EndGlobalSection
EndGlobal
